
Microsoft Visual Studio Solution File, Format Version 12.00
# Visual Studio Version 16
VisualStudioVersion = 25.0.1706.6
MinimumVisualStudioVersion = 10.0.40219.1
Project("{FAE04EC0-301F-11D3-BF4B-00C04F79EFBC}") = "relativity", "relativity.csproj", "{FB392CF7-1D48-40C1-8F00-DBC0BE8691DE}"
EndProject
Global
	GlobalSection(SolutionConfigurationPlatforms) = preSolution
		Debug|Any CPU = Debug|Any CPU
		Release|Any CPU = Release|Any CPU
	EndGlobalSection
	GlobalSection(ProjectConfigurationPlatforms) = postSolution
		{FB392CF7-1D48-40C1-8F00-DBC0BE8691DE}.Debug|Any CPU.ActiveCfg = Debug|Any CPU
		{FB392CF7-1D48-40C1-8F00-DBC0BE8691DE}.Debug|Any CPU.Build.0 = Debug|Any CPU
		{FB392CF7-1D48-40C1-8F00-DBC0BE8691DE}.Release|Any CPU.ActiveCfg = Release|Any CPU
		{FB392CF7-1D48-40C1-8F00-DBC0BE8691DE}.Release|Any CPU.Build.0 = Release|Any CPU
	EndGlobalSection
	GlobalSection(SolutionProperties) = preSolution
		HideSolutionNode = FALSE
	EndGlobalSection
	GlobalSection(ExtensibilityGlobals) = postSolution
		SolutionGuid = {5FA48610-495A-467D-9EBB-C44F6B066524}
	EndGlobalSection
EndGlobal
